// !$*UTF8*$!
{
	archiveVersion = 1;
	classes = {
	};
	objectVersion = 50;
	objects = {

/* Begin PBXBuildFile section */
		1A16F86420C31D6600D5BE85 /* Routes.swift in Sources */ = {isa = PBXBuildFile; fileRef = 1A16F86320C31D6600D5BE85 /* Routes.swift */; };
		1A16F86620C31D9A00D5BE85 /* NetworkService.swift in Sources */ = {isa = PBXBuildFile; fileRef = 1A16F86520C31D9A00D5BE85 /* NetworkService.swift */; };
		1A16F86B20C31E1400D5BE85 /* DiscoverTVResponse.swift in Sources */ = {isa = PBXBuildFile; fileRef = 1A16F86820C31E1400D5BE85 /* DiscoverTVResponse.swift */; };
		1A16F86C20C31E1400D5BE85 /* DiscoverMovieResponse.swift in Sources */ = {isa = PBXBuildFile; fileRef = 1A16F86920C31E1400D5BE85 /* DiscoverMovieResponse.swift */; };
		1A16F86D20C31E1400D5BE85 /* Media.swift in Sources */ = {isa = PBXBuildFile; fileRef = 1A16F86A20C31E1400D5BE85 /* Media.swift */; };
		1AAA7E1B20952A7F00BED242 /* RxCocoa.framework in Frameworks */ = {isa = PBXBuildFile; fileRef = 4A3BB49E2093A4F500B1E37F /* RxCocoa.framework */; };
		1AAA7E1C20952A7F00BED242 /* RxSwift.framework in Frameworks */ = {isa = PBXBuildFile; fileRef = 4A3BB4A02093A4F500B1E37F /* RxSwift.framework */; };
		1AAA7E1F20952BAD00BED242 /* Alamofire.framework in Frameworks */ = {isa = PBXBuildFile; fileRef = 4A3BB49D2093A4F500B1E37F /* Alamofire.framework */; };
		1AAA7E2020952BAD00BED242 /* AlamofireImage.framework in Frameworks */ = {isa = PBXBuildFile; fileRef = 4A3BB49C2093A4F500B1E37F /* AlamofireImage.framework */; };
		1AAA7E2120952BAD00BED242 /* Reusable.framework in Frameworks */ = {isa = PBXBuildFile; fileRef = 4A3BB49F2093A4F500B1E37F /* Reusable.framework */; };
		1AAA7E2420952BF900BED242 /* AppState.swift in Sources */ = {isa = PBXBuildFile; fileRef = 1AAA7E2320952BF900BED242 /* AppState.swift */; };
		1AAA7E2620952C3300BED242 /* AppActions.swift in Sources */ = {isa = PBXBuildFile; fileRef = 1AAA7E2520952C3300BED242 /* AppActions.swift */; };
		1AAA7E282095305800BED242 /* AppReducers.swift in Sources */ = {isa = PBXBuildFile; fileRef = 1AAA7E272095305800BED242 /* AppReducers.swift */; };
		1AC102B820C5F6570083BB46 /* MovieListViewController.storyboard in Resources */ = {isa = PBXBuildFile; fileRef = 1AC102B720C5F6570083BB46 /* MovieListViewController.storyboard */; };
		1AC102BA20C5F6D60083BB46 /* MovieListViewController.swift in Sources */ = {isa = PBXBuildFile; fileRef = 1AC102B920C5F6D60083BB46 /* MovieListViewController.swift */; };
		1AC102BD20C5F8240083BB46 /* UIViewController+ViewModelBased.swift in Sources */ = {isa = PBXBuildFile; fileRef = 1AC102BC20C5F8240083BB46 /* UIViewController+ViewModelBased.swift */; };
		1AC102C020C5F8610083BB46 /* Injectable.swift in Sources */ = {isa = PBXBuildFile; fileRef = 1AC102BF20C5F8610083BB46 /* Injectable.swift */; };
		1AC102C620C61CF30083BB46 /* HasProtocols.swift in Sources */ = {isa = PBXBuildFile; fileRef = 1AC102C520C61CF30083BB46 /* HasProtocols.swift */; };
		1AC102C820C61F870083BB46 /* DependencyContainer.swift in Sources */ = {isa = PBXBuildFile; fileRef = 1AC102C720C61F870083BB46 /* DependencyContainer.swift */; };
		1AC102CB20C8DAF30083BB46 /* MovieListViewCell.xib in Resources */ = {isa = PBXBuildFile; fileRef = 1AC102C920C8DAF30083BB46 /* MovieListViewCell.xib */; };
		1AC102CC20C8DAF30083BB46 /* MovieListViewCell.swift in Sources */ = {isa = PBXBuildFile; fileRef = 1AC102CA20C8DAF30083BB46 /* MovieListViewCell.swift */; };
		1AC102CE20C98D890083BB46 /* MovieListViewModel.swift in Sources */ = {isa = PBXBuildFile; fileRef = 1AC102CD20C98D890083BB46 /* MovieListViewModel.swift */; };
		1AC102D020C98DAD0083BB46 /* ViewModel.swift in Sources */ = {isa = PBXBuildFile; fileRef = 1AC102CF20C98DAD0083BB46 /* ViewModel.swift */; };
		1AC102D220C98DD50083BB46 /* ViewModelBased.swift in Sources */ = {isa = PBXBuildFile; fileRef = 1AC102D120C98DD50083BB46 /* ViewModelBased.swift */; };
		1AC102D420C998CD0083BB46 /* MovieDetailViewController.storyboard in Resources */ = {isa = PBXBuildFile; fileRef = 1AC102D320C998CD0083BB46 /* MovieDetailViewController.storyboard */; };
		1AC102D620C99CA60083BB46 /* MovieDetailViewController.swift in Sources */ = {isa = PBXBuildFile; fileRef = 1AC102D520C99CA60083BB46 /* MovieDetailViewController.swift */; };
		1AC102D820C99CD60083BB46 /* MovieDetailViewModel.swift in Sources */ = {isa = PBXBuildFile; fileRef = 1AC102D720C99CD60083BB46 /* MovieDetailViewModel.swift */; };
		1ADAD0C520A524FC003049A9 /* RxReduce.framework in Frameworks */ = {isa = PBXBuildFile; fileRef = 1ADAD0C420A524FC003049A9 /* RxReduce.framework */; };
		1AFFA38520B25C3400A0BB81 /* AppMiddlewares.swift in Sources */ = {isa = PBXBuildFile; fileRef = 1AFFA38420B25C3400A0BB81 /* AppMiddlewares.swift */; };
		4A3BB48420939F9000B1E37F /* AppDelegate.swift in Sources */ = {isa = PBXBuildFile; fileRef = 4A3BB48320939F9000B1E37F /* AppDelegate.swift */; };
		4A3BB48B20939F9100B1E37F /* Assets.xcassets in Resources */ = {isa = PBXBuildFile; fileRef = 4A3BB48A20939F9100B1E37F /* Assets.xcassets */; };
		4A3BB48E20939F9100B1E37F /* LaunchScreen.storyboard in Resources */ = {isa = PBXBuildFile; fileRef = 4A3BB48C20939F9100B1E37F /* LaunchScreen.storyboard */; };
/* End PBXBuildFile section */

/* Begin PBXFileReference section */
		1A16F86320C31D6600D5BE85 /* Routes.swift */ = {isa = PBXFileReference; lastKnownFileType = sourcecode.swift; path = Routes.swift; sourceTree = "<group>"; };
		1A16F86520C31D9A00D5BE85 /* NetworkService.swift */ = {isa = PBXFileReference; lastKnownFileType = sourcecode.swift; path = NetworkService.swift; sourceTree = "<group>"; };
		1A16F86820C31E1400D5BE85 /* DiscoverTVResponse.swift */ = {isa = PBXFileReference; fileEncoding = 4; lastKnownFileType = sourcecode.swift; path = DiscoverTVResponse.swift; sourceTree = "<group>"; };
		1A16F86920C31E1400D5BE85 /* DiscoverMovieResponse.swift */ = {isa = PBXFileReference; fileEncoding = 4; lastKnownFileType = sourcecode.swift; path = DiscoverMovieResponse.swift; sourceTree = "<group>"; };
		1A16F86A20C31E1400D5BE85 /* Media.swift */ = {isa = PBXFileReference; fileEncoding = 4; lastKnownFileType = sourcecode.swift; path = Media.swift; sourceTree = "<group>"; };
		1AAA7E2320952BF900BED242 /* AppState.swift */ = {isa = PBXFileReference; lastKnownFileType = sourcecode.swift; path = AppState.swift; sourceTree = "<group>"; };
		1AAA7E2520952C3300BED242 /* AppActions.swift */ = {isa = PBXFileReference; lastKnownFileType = sourcecode.swift; path = AppActions.swift; sourceTree = "<group>"; };
		1AAA7E272095305800BED242 /* AppReducers.swift */ = {isa = PBXFileReference; lastKnownFileType = sourcecode.swift; path = AppReducers.swift; sourceTree = "<group>"; };
		1AC102B720C5F6570083BB46 /* MovieListViewController.storyboard */ = {isa = PBXFileReference; lastKnownFileType = file.storyboard; path = MovieListViewController.storyboard; sourceTree = "<group>"; };
		1AC102B920C5F6D60083BB46 /* MovieListViewController.swift */ = {isa = PBXFileReference; lastKnownFileType = sourcecode.swift; path = MovieListViewController.swift; sourceTree = "<group>"; };
		1AC102BC20C5F8240083BB46 /* UIViewController+ViewModelBased.swift */ = {isa = PBXFileReference; lastKnownFileType = sourcecode.swift; path = "UIViewController+ViewModelBased.swift"; sourceTree = "<group>"; };
		1AC102BF20C5F8610083BB46 /* Injectable.swift */ = {isa = PBXFileReference; lastKnownFileType = sourcecode.swift; path = Injectable.swift; sourceTree = "<group>"; };
		1AC102C520C61CF30083BB46 /* HasProtocols.swift */ = {isa = PBXFileReference; lastKnownFileType = sourcecode.swift; path = HasProtocols.swift; sourceTree = "<group>"; };
		1AC102C720C61F870083BB46 /* DependencyContainer.swift */ = {isa = PBXFileReference; lastKnownFileType = sourcecode.swift; path = DependencyContainer.swift; sourceTree = "<group>"; };
		1AC102C920C8DAF30083BB46 /* MovieListViewCell.xib */ = {isa = PBXFileReference; fileEncoding = 4; lastKnownFileType = file.xib; path = MovieListViewCell.xib; sourceTree = "<group>"; };
		1AC102CA20C8DAF30083BB46 /* MovieListViewCell.swift */ = {isa = PBXFileReference; fileEncoding = 4; lastKnownFileType = sourcecode.swift; path = MovieListViewCell.swift; sourceTree = "<group>"; };
		1AC102CD20C98D890083BB46 /* MovieListViewModel.swift */ = {isa = PBXFileReference; lastKnownFileType = sourcecode.swift; path = MovieListViewModel.swift; sourceTree = "<group>"; };
		1AC102CF20C98DAD0083BB46 /* ViewModel.swift */ = {isa = PBXFileReference; lastKnownFileType = sourcecode.swift; path = ViewModel.swift; sourceTree = "<group>"; };
		1AC102D120C98DD50083BB46 /* ViewModelBased.swift */ = {isa = PBXFileReference; lastKnownFileType = sourcecode.swift; path = ViewModelBased.swift; sourceTree = "<group>"; };
		1AC102D320C998CD0083BB46 /* MovieDetailViewController.storyboard */ = {isa = PBXFileReference; lastKnownFileType = file.storyboard; path = MovieDetailViewController.storyboard; sourceTree = "<group>"; };
		1AC102D520C99CA60083BB46 /* MovieDetailViewController.swift */ = {isa = PBXFileReference; lastKnownFileType = sourcecode.swift; path = MovieDetailViewController.swift; sourceTree = "<group>"; };
		1AC102D720C99CD60083BB46 /* MovieDetailViewModel.swift */ = {isa = PBXFileReference; lastKnownFileType = sourcecode.swift; path = MovieDetailViewModel.swift; sourceTree = "<group>"; };
		1ADAD0C420A524FC003049A9 /* RxReduce.framework */ = {isa = PBXFileReference; lastKnownFileType = wrapper.framework; name = RxReduce.framework; path = Carthage/Build/iOS/RxReduce.framework; sourceTree = "<group>"; };
		1AFFA38420B25C3400A0BB81 /* AppMiddlewares.swift */ = {isa = PBXFileReference; lastKnownFileType = sourcecode.swift; path = AppMiddlewares.swift; sourceTree = "<group>"; };
		4A3BB48020939F9000B1E37F /* RxReduceDemo.app */ = {isa = PBXFileReference; explicitFileType = wrapper.application; includeInIndex = 0; path = RxReduceDemo.app; sourceTree = BUILT_PRODUCTS_DIR; };
		4A3BB48320939F9000B1E37F /* AppDelegate.swift */ = {isa = PBXFileReference; lastKnownFileType = sourcecode.swift; path = AppDelegate.swift; sourceTree = "<group>"; };
		4A3BB48A20939F9100B1E37F /* Assets.xcassets */ = {isa = PBXFileReference; lastKnownFileType = folder.assetcatalog; path = Assets.xcassets; sourceTree = "<group>"; };
		4A3BB48D20939F9100B1E37F /* Base */ = {isa = PBXFileReference; lastKnownFileType = file.storyboard; name = Base; path = Base.lproj/LaunchScreen.storyboard; sourceTree = "<group>"; };
		4A3BB48F20939F9100B1E37F /* Info.plist */ = {isa = PBXFileReference; lastKnownFileType = text.plist.xml; path = Info.plist; sourceTree = "<group>"; };
		4A3BB49C2093A4F500B1E37F /* AlamofireImage.framework */ = {isa = PBXFileReference; lastKnownFileType = wrapper.framework; name = AlamofireImage.framework; path = Carthage/Build/iOS/AlamofireImage.framework; sourceTree = "<group>"; };
		4A3BB49D2093A4F500B1E37F /* Alamofire.framework */ = {isa = PBXFileReference; lastKnownFileType = wrapper.framework; name = Alamofire.framework; path = Carthage/Build/iOS/Alamofire.framework; sourceTree = "<group>"; };
		4A3BB49E2093A4F500B1E37F /* RxCocoa.framework */ = {isa = PBXFileReference; lastKnownFileType = wrapper.framework; name = RxCocoa.framework; path = Carthage/Build/iOS/RxCocoa.framework; sourceTree = "<group>"; };
		4A3BB49F2093A4F500B1E37F /* Reusable.framework */ = {isa = PBXFileReference; lastKnownFileType = wrapper.framework; name = Reusable.framework; path = Carthage/Build/iOS/Reusable.framework; sourceTree = "<group>"; };
		4A3BB4A02093A4F500B1E37F /* RxSwift.framework */ = {isa = PBXFileReference; lastKnownFileType = wrapper.framework; name = RxSwift.framework; path = Carthage/Build/iOS/RxSwift.framework; sourceTree = "<group>"; };
/* End PBXFileReference section */

/* Begin PBXFrameworksBuildPhase section */
		4A3BB47D20939F9000B1E37F /* Frameworks */ = {
			isa = PBXFrameworksBuildPhase;
			buildActionMask = 2147483647;
			files = (
				1ADAD0C520A524FC003049A9 /* RxReduce.framework in Frameworks */,
				1AAA7E1F20952BAD00BED242 /* Alamofire.framework in Frameworks */,
				1AAA7E2020952BAD00BED242 /* AlamofireImage.framework in Frameworks */,
				1AAA7E2120952BAD00BED242 /* Reusable.framework in Frameworks */,
				1AAA7E1B20952A7F00BED242 /* RxCocoa.framework in Frameworks */,
				1AAA7E1C20952A7F00BED242 /* RxSwift.framework in Frameworks */,
			);
			runOnlyForDeploymentPostprocessing = 0;
		};
/* End PBXFrameworksBuildPhase section */

/* Begin PBXGroup section */
		1A16F86220C31D4F00D5BE85 /* Services */ = {
			isa = PBXGroup;
			children = (
				1A16F86320C31D6600D5BE85 /* Routes.swift */,
				1A16F86520C31D9A00D5BE85 /* NetworkService.swift */,
			);
			path = Services;
			sourceTree = "<group>";
		};
		1A16F86720C31DBA00D5BE85 /* Models */ = {
			isa = PBXGroup;
			children = (
				1A16F86920C31E1400D5BE85 /* DiscoverMovieResponse.swift */,
				1A16F86820C31E1400D5BE85 /* DiscoverTVResponse.swift */,
				1A16F86A20C31E1400D5BE85 /* Media.swift */,
			);
			path = Models;
			sourceTree = "<group>";
		};
		1AAA7E2220952BE900BED242 /* State */ = {
			isa = PBXGroup;
			children = (
				1AAA7E2320952BF900BED242 /* AppState.swift */,
				1AAA7E272095305800BED242 /* AppReducers.swift */,
				1AFFA38420B25C3400A0BB81 /* AppMiddlewares.swift */,
				1AAA7E2520952C3300BED242 /* AppActions.swift */,
			);
			path = State;
			sourceTree = "<group>";
		};
		1AC102B420C5F6260083BB46 /* Features */ = {
			isa = PBXGroup;
			children = (
				1AC102B520C5F6310083BB46 /* MovieList */,
				1AC102B620C5F6380083BB46 /* MovieDetail */,
			);
			path = Features;
			sourceTree = "<group>";
		};
		1AC102B520C5F6310083BB46 /* MovieList */ = {
			isa = PBXGroup;
			children = (
				1AC102B720C5F6570083BB46 /* MovieListViewController.storyboard */,
				1AC102B920C5F6D60083BB46 /* MovieListViewController.swift */,
				1AC102C920C8DAF30083BB46 /* MovieListViewCell.xib */,
				1AC102CA20C8DAF30083BB46 /* MovieListViewCell.swift */,
				1AC102CD20C98D890083BB46 /* MovieListViewModel.swift */,
			);
			path = MovieList;
			sourceTree = "<group>";
		};
		1AC102B620C5F6380083BB46 /* MovieDetail */ = {
			isa = PBXGroup;
			children = (
				1AC102D320C998CD0083BB46 /* MovieDetailViewController.storyboard */,
				1AC102D520C99CA60083BB46 /* MovieDetailViewController.swift */,
				1AC102D720C99CD60083BB46 /* MovieDetailViewModel.swift */,
			);
			path = MovieDetail;
			sourceTree = "<group>";
		};
		1AC102BB20C5F80D0083BB46 /* Extensions */ = {
			isa = PBXGroup;
			children = (
				1AC102BC20C5F8240083BB46 /* UIViewController+ViewModelBased.swift */,
			);
			path = Extensions;
			sourceTree = "<group>";
		};
		1AC102BE20C5F84C0083BB46 /* Protocols */ = {
			isa = PBXGroup;
			children = (
				1AC102BF20C5F8610083BB46 /* Injectable.swift */,
				1AC102C520C61CF30083BB46 /* HasProtocols.swift */,
				1AC102CF20C98DAD0083BB46 /* ViewModel.swift */,
				1AC102D120C98DD50083BB46 /* ViewModelBased.swift */,
			);
			path = Protocols;
			sourceTree = "<group>";
		};
		4A3BB47720939F9000B1E37F = {
			isa = PBXGroup;
			children = (
				4A3BB48220939F9000B1E37F /* RxReduceDemo */,
				4A3BB48120939F9000B1E37F /* Products */,
				4A3BB49B2093A4F400B1E37F /* Frameworks */,
			);
			sourceTree = "<group>";
		};
		4A3BB48120939F9000B1E37F /* Products */ = {
			isa = PBXGroup;
			children = (
				4A3BB48020939F9000B1E37F /* RxReduceDemo.app */,
			);
			name = Products;
			sourceTree = "<group>";
		};
		4A3BB48220939F9000B1E37F /* RxReduceDemo */ = {
			isa = PBXGroup;
			children = (
				1AC102BE20C5F84C0083BB46 /* Protocols */,
				1AC102BB20C5F80D0083BB46 /* Extensions */,
				1A16F86720C31DBA00D5BE85 /* Models */,
				1A16F86220C31D4F00D5BE85 /* Services */,
				1AAA7E2220952BE900BED242 /* State */,
				1AC102B420C5F6260083BB46 /* Features */,
				4A3BB48320939F9000B1E37F /* AppDelegate.swift */,
				1AC102C720C61F870083BB46 /* DependencyContainer.swift */,
				4A3BB48A20939F9100B1E37F /* Assets.xcassets */,
				4A3BB48C20939F9100B1E37F /* LaunchScreen.storyboard */,
				4A3BB48F20939F9100B1E37F /* Info.plist */,
			);
			path = RxReduceDemo;
			sourceTree = "<group>";
		};
		4A3BB49B2093A4F400B1E37F /* Frameworks */ = {
			isa = PBXGroup;
			children = (
				1ADAD0C420A524FC003049A9 /* RxReduce.framework */,
				4A3BB49D2093A4F500B1E37F /* Alamofire.framework */,
				4A3BB49C2093A4F500B1E37F /* AlamofireImage.framework */,
				4A3BB49F2093A4F500B1E37F /* Reusable.framework */,
				4A3BB49E2093A4F500B1E37F /* RxCocoa.framework */,
				4A3BB4A02093A4F500B1E37F /* RxSwift.framework */,
			);
			name = Frameworks;
			sourceTree = "<group>";
		};
/* End PBXGroup section */

/* Begin PBXNativeTarget section */
		4A3BB47F20939F9000B1E37F /* RxReduceDemo */ = {
			isa = PBXNativeTarget;
			buildConfigurationList = 4A3BB49220939F9100B1E37F /* Build configuration list for PBXNativeTarget "RxReduceDemo" */;
			buildPhases = (
				4A3BB47C20939F9000B1E37F /* Sources */,
				4A3BB47D20939F9000B1E37F /* Frameworks */,
				4A3BB47E20939F9000B1E37F /* Resources */,
				4A3BB4A62093A4FC00B1E37F /* ⚙️ Carthage Frameworks */,
			);
			buildRules = (
			);
			dependencies = (
			);
			name = RxReduceDemo;
			productName = RxReduceDemo;
			productReference = 4A3BB48020939F9000B1E37F /* RxReduceDemo.app */;
			productType = "com.apple.product-type.application";
		};
/* End PBXNativeTarget section */

/* Begin PBXProject section */
		4A3BB47820939F9000B1E37F /* Project object */ = {
			isa = PBXProject;
			attributes = {
				LastSwiftUpdateCheck = 0930;
				LastUpgradeCheck = 0930;
				ORGANIZATIONNAME = "Wittemberg, Thibault";
				TargetAttributes = {
					4A3BB47F20939F9000B1E37F = {
						CreatedOnToolsVersion = 9.3;
					};
				};
			};
			buildConfigurationList = 4A3BB47B20939F9000B1E37F /* Build configuration list for PBXProject "RxReduceDemo" */;
			compatibilityVersion = "Xcode 9.3";
			developmentRegion = en;
			hasScannedForEncodings = 0;
			knownRegions = (
				en,
				Base,
			);
			mainGroup = 4A3BB47720939F9000B1E37F;
			productRefGroup = 4A3BB48120939F9000B1E37F /* Products */;
			projectDirPath = "";
			projectRoot = "";
			targets = (
				4A3BB47F20939F9000B1E37F /* RxReduceDemo */,
			);
		};
/* End PBXProject section */

/* Begin PBXResourcesBuildPhase section */
		4A3BB47E20939F9000B1E37F /* Resources */ = {
			isa = PBXResourcesBuildPhase;
			buildActionMask = 2147483647;
			files = (
				4A3BB48E20939F9100B1E37F /* LaunchScreen.storyboard in Resources */,
				4A3BB48B20939F9100B1E37F /* Assets.xcassets in Resources */,
				1AC102B820C5F6570083BB46 /* MovieListViewController.storyboard in Resources */,
				1AC102CB20C8DAF30083BB46 /* MovieListViewCell.xib in Resources */,
				1AC102D420C998CD0083BB46 /* MovieDetailViewController.storyboard in Resources */,
			);
			runOnlyForDeploymentPostprocessing = 0;
		};
/* End PBXResourcesBuildPhase section */

/* Begin PBXShellScriptBuildPhase section */
		4A3BB4A62093A4FC00B1E37F /* ⚙️ Carthage Frameworks */ = {
			isa = PBXShellScriptBuildPhase;
			buildActionMask = 2147483647;
			files = (
			);
			inputPaths = (
				"$(SRCROOT)/Carthage/Build/iOS/Reusable.framework",
				"$(SRCROOT)/Carthage/Build/iOS/RxSwift.framework",
				"$(SRCROOT)/Carthage/Build/iOS/RxCocoa.framework",
				"$(SRCROOT)/Carthage/Build/iOS/Alamofire.framework",
				"$(SRCROOT)/Carthage/Build/iOS/AlamofireImage.framework",
				"$(SRCROOT)/Carthage/Build/iOS/RxReduce.framework",
			);
			name = "⚙️ Carthage Frameworks";
			outputPaths = (
				"$(BUILT_PRODUCTS_DIR)/$(FRAMEWORKS_FOLDER_PATH)/Reusable.framework",
				"$(BUILT_PRODUCTS_DIR)/$(FRAMEWORKS_FOLDER_PATH)/RxSwift.framework",
				"$(BUILT_PRODUCTS_DIR)/$(FRAMEWORKS_FOLDER_PATH)/RxCocoa.framework",
				"$(BUILT_PRODUCTS_DIR)/$(FRAMEWORKS_FOLDER_PATH)/Alamofire.framework",
				"$(BUILT_PRODUCTS_DIR)/$(FRAMEWORKS_FOLDER_PATH)/AlamofireImage.framework",
				"$(BUILT_PRODUCTS_DIR)/$(FRAMEWORKS_FOLDER_PATH)/RxReduce.framework",
			);
			runOnlyForDeploymentPostprocessing = 0;
			shellPath = /bin/sh;
			shellScript = "/usr/local/bin/carthage copy-frameworks";
		};
/* End PBXShellScriptBuildPhase section */

/* Begin PBXSourcesBuildPhase section */
		4A3BB47C20939F9000B1E37F /* Sources */ = {
			isa = PBXSourcesBuildPhase;
			buildActionMask = 2147483647;
			files = (
				1A16F86D20C31E1400D5BE85 /* Media.swift in Sources */,
				1AC102CE20C98D890083BB46 /* MovieListViewModel.swift in Sources */,
				1AAA7E2420952BF900BED242 /* AppState.swift in Sources */,
				1AC102BD20C5F8240083BB46 /* UIViewController+ViewModelBased.swift in Sources */,
				1AC102C020C5F8610083BB46 /* Injectable.swift in Sources */,
				1AC102D820C99CD60083BB46 /* MovieDetailViewModel.swift in Sources */,
				1A16F86420C31D6600D5BE85 /* Routes.swift in Sources */,
				1AC102BA20C5F6D60083BB46 /* MovieListViewController.swift in Sources */,
				1AC102D220C98DD50083BB46 /* ViewModelBased.swift in Sources */,
				1AC102C820C61F870083BB46 /* DependencyContainer.swift in Sources */,
				1A16F86620C31D9A00D5BE85 /* NetworkService.swift in Sources */,
				1AAA7E282095305800BED242 /* AppReducers.swift in Sources */,
				1AC102D020C98DAD0083BB46 /* ViewModel.swift in Sources */,
				1AC102C620C61CF30083BB46 /* HasProtocols.swift in Sources */,
				1A16F86C20C31E1400D5BE85 /* DiscoverMovieResponse.swift in Sources */,
				1AC102CC20C8DAF30083BB46 /* MovieListViewCell.swift in Sources */,
				4A3BB48420939F9000B1E37F /* AppDelegate.swift in Sources */,
				1AC102D620C99CA60083BB46 /* MovieDetailViewController.swift in Sources */,
				1AAA7E2620952C3300BED242 /* AppActions.swift in Sources */,
				1AFFA38520B25C3400A0BB81 /* AppMiddlewares.swift in Sources */,
				1A16F86B20C31E1400D5BE85 /* DiscoverTVResponse.swift in Sources */,
			);
			runOnlyForDeploymentPostprocessing = 0;
		};
/* End PBXSourcesBuildPhase section */

/* Begin PBXVariantGroup section */
		4A3BB48C20939F9100B1E37F /* LaunchScreen.storyboard */ = {
			isa = PBXVariantGroup;
			children = (
				4A3BB48D20939F9100B1E37F /* Base */,
			);
			name = LaunchScreen.storyboard;
			sourceTree = "<group>";
		};
/* End PBXVariantGroup section */

/* Begin XCBuildConfiguration section */
		4A3BB49020939F9100B1E37F /* Debug */ = {
			isa = XCBuildConfiguration;
			buildSettings = {
				ALWAYS_SEARCH_USER_PATHS = NO;
				CLANG_ANALYZER_NONNULL = YES;
				CLANG_ANALYZER_NUMBER_OBJECT_CONVERSION = YES_AGGRESSIVE;
				CLANG_CXX_LANGUAGE_STANDARD = "gnu++14";
				CLANG_CXX_LIBRARY = "libc++";
				CLANG_ENABLE_MODULES = YES;
				CLANG_ENABLE_OBJC_ARC = YES;
				CLANG_ENABLE_OBJC_WEAK = YES;
				CLANG_WARN_BLOCK_CAPTURE_AUTORELEASING = YES;
				CLANG_WARN_BOOL_CONVERSION = YES;
				CLANG_WARN_COMMA = YES;
				CLANG_WARN_CONSTANT_CONVERSION = YES;
				CLANG_WARN_DEPRECATED_OBJC_IMPLEMENTATIONS = YES;
				CLANG_WARN_DIRECT_OBJC_ISA_USAGE = YES_ERROR;
				CLANG_WARN_DOCUMENTATION_COMMENTS = YES;
				CLANG_WARN_EMPTY_BODY = YES;
				CLANG_WARN_ENUM_CONVERSION = YES;
				CLANG_WARN_INFINITE_RECURSION = YES;
				CLANG_WARN_INT_CONVERSION = YES;
				CLANG_WARN_NON_LITERAL_NULL_CONVERSION = YES;
				CLANG_WARN_OBJC_IMPLICIT_RETAIN_SELF = YES;
				CLANG_WARN_OBJC_LITERAL_CONVERSION = YES;
				CLANG_WARN_OBJC_ROOT_CLASS = YES_ERROR;
				CLANG_WARN_RANGE_LOOP_ANALYSIS = YES;
				CLANG_WARN_STRICT_PROTOTYPES = YES;
				CLANG_WARN_SUSPICIOUS_MOVE = YES;
				CLANG_WARN_UNGUARDED_AVAILABILITY = YES_AGGRESSIVE;
				CLANG_WARN_UNREACHABLE_CODE = YES;
				CLANG_WARN__DUPLICATE_METHOD_MATCH = YES;
				CODE_SIGN_IDENTITY = "iPhone Developer";
				COPY_PHASE_STRIP = NO;
				DEBUG_INFORMATION_FORMAT = dwarf;
				ENABLE_STRICT_OBJC_MSGSEND = YES;
				ENABLE_TESTABILITY = YES;
				GCC_C_LANGUAGE_STANDARD = gnu11;
				GCC_DYNAMIC_NO_PIC = NO;
				GCC_NO_COMMON_BLOCKS = YES;
				GCC_OPTIMIZATION_LEVEL = 0;
				GCC_PREPROCESSOR_DEFINITIONS = (
					"DEBUG=1",
					"$(inherited)",
				);
				GCC_WARN_64_TO_32_BIT_CONVERSION = YES;
				GCC_WARN_ABOUT_RETURN_TYPE = YES_ERROR;
				GCC_WARN_UNDECLARED_SELECTOR = YES;
				GCC_WARN_UNINITIALIZED_AUTOS = YES_AGGRESSIVE;
				GCC_WARN_UNUSED_FUNCTION = YES;
				GCC_WARN_UNUSED_VARIABLE = YES;
				IPHONEOS_DEPLOYMENT_TARGET = 11.3;
				MTL_ENABLE_DEBUG_INFO = YES;
				ONLY_ACTIVE_ARCH = YES;
				SDKROOT = iphoneos;
				SWIFT_ACTIVE_COMPILATION_CONDITIONS = DEBUG;
				SWIFT_OPTIMIZATION_LEVEL = "-Onone";
			};
			name = Debug;
		};
		4A3BB49120939F9100B1E37F /* Release */ = {
			isa = XCBuildConfiguration;
			buildSettings = {
				ALWAYS_SEARCH_USER_PATHS = NO;
				CLANG_ANALYZER_NONNULL = YES;
				CLANG_ANALYZER_NUMBER_OBJECT_CONVERSION = YES_AGGRESSIVE;
				CLANG_CXX_LANGUAGE_STANDARD = "gnu++14";
				CLANG_CXX_LIBRARY = "libc++";
				CLANG_ENABLE_MODULES = YES;
				CLANG_ENABLE_OBJC_ARC = YES;
				CLANG_ENABLE_OBJC_WEAK = YES;
				CLANG_WARN_BLOCK_CAPTURE_AUTORELEASING = YES;
				CLANG_WARN_BOOL_CONVERSION = YES;
				CLANG_WARN_COMMA = YES;
				CLANG_WARN_CONSTANT_CONVERSION = YES;
				CLANG_WARN_DEPRECATED_OBJC_IMPLEMENTATIONS = YES;
				CLANG_WARN_DIRECT_OBJC_ISA_USAGE = YES_ERROR;
				CLANG_WARN_DOCUMENTATION_COMMENTS = YES;
				CLANG_WARN_EMPTY_BODY = YES;
				CLANG_WARN_ENUM_CONVERSION = YES;
				CLANG_WARN_INFINITE_RECURSION = YES;
				CLANG_WARN_INT_CONVERSION = YES;
				CLANG_WARN_NON_LITERAL_NULL_CONVERSION = YES;
				CLANG_WARN_OBJC_IMPLICIT_RETAIN_SELF = YES;
				CLANG_WARN_OBJC_LITERAL_CONVERSION = YES;
				CLANG_WARN_OBJC_ROOT_CLASS = YES_ERROR;
				CLANG_WARN_RANGE_LOOP_ANALYSIS = YES;
				CLANG_WARN_STRICT_PROTOTYPES = YES;
				CLANG_WARN_SUSPICIOUS_MOVE = YES;
				CLANG_WARN_UNGUARDED_AVAILABILITY = YES_AGGRESSIVE;
				CLANG_WARN_UNREACHABLE_CODE = YES;
				CLANG_WARN__DUPLICATE_METHOD_MATCH = YES;
				CODE_SIGN_IDENTITY = "iPhone Developer";
				COPY_PHASE_STRIP = NO;
				DEBUG_INFORMATION_FORMAT = "dwarf-with-dsym";
				ENABLE_NS_ASSERTIONS = NO;
				ENABLE_STRICT_OBJC_MSGSEND = YES;
				GCC_C_LANGUAGE_STANDARD = gnu11;
				GCC_NO_COMMON_BLOCKS = YES;
				GCC_WARN_64_TO_32_BIT_CONVERSION = YES;
				GCC_WARN_ABOUT_RETURN_TYPE = YES_ERROR;
				GCC_WARN_UNDECLARED_SELECTOR = YES;
				GCC_WARN_UNINITIALIZED_AUTOS = YES_AGGRESSIVE;
				GCC_WARN_UNUSED_FUNCTION = YES;
				GCC_WARN_UNUSED_VARIABLE = YES;
				IPHONEOS_DEPLOYMENT_TARGET = 11.3;
				MTL_ENABLE_DEBUG_INFO = NO;
				SDKROOT = iphoneos;
				SWIFT_COMPILATION_MODE = wholemodule;
				SWIFT_OPTIMIZATION_LEVEL = "-O";
				VALIDATE_PRODUCT = YES;
			};
			name = Release;
		};
		4A3BB49320939F9100B1E37F /* Debug */ = {
			isa = XCBuildConfiguration;
			buildSettings = {
				ASSETCATALOG_COMPILER_APPICON_NAME = AppIcon;
				CODE_SIGN_STYLE = Automatic;
				DEVELOPMENT_TEAM = 3V5265LQM9;
				FRAMEWORK_SEARCH_PATHS = (
					"$(inherited)",
					"$(PROJECT_DIR)/Carthage/Build/iOS",
				);
				INFOPLIST_FILE = RxReduceDemo/Info.plist;
				LD_RUNPATH_SEARCH_PATHS = (
					"$(inherited)",
					"@executable_path/Frameworks",
				);
				PRODUCT_BUNDLE_IDENTIFIER = io.warpfactor.RxReduceDemo;
				PRODUCT_NAME = "$(TARGET_NAME)";
				SWIFT_VERSION = 4.0;
				TARGETED_DEVICE_FAMILY = "1,2";
			};
			name = Debug;
		};
		4A3BB49420939F9100B1E37F /* Release */ = {
			isa = XCBuildConfiguration;
			buildSettings = {
				ASSETCATALOG_COMPILER_APPICON_NAME = AppIcon;
				CODE_SIGN_STYLE = Automatic;
				DEVELOPMENT_TEAM = 3V5265LQM9;
				FRAMEWORK_SEARCH_PATHS = (
					"$(inherited)",
					"$(PROJECT_DIR)/Carthage/Build/iOS",
				);
				INFOPLIST_FILE = RxReduceDemo/Info.plist;
				LD_RUNPATH_SEARCH_PATHS = (
					"$(inherited)",
					"@executable_path/Frameworks",
				);
				PRODUCT_BUNDLE_IDENTIFIER = io.warpfactor.RxReduceDemo;
				PRODUCT_NAME = "$(TARGET_NAME)";
				SWIFT_VERSION = 4.0;
				TARGETED_DEVICE_FAMILY = "1,2";
			};
			name = Release;
		};
/* End XCBuildConfiguration section */

/* Begin XCConfigurationList section */
		4A3BB47B20939F9000B1E37F /* Build configuration list for PBXProject "RxReduceDemo" */ = {
			isa = XCConfigurationList;
			buildConfigurations = (
				4A3BB49020939F9100B1E37F /* Debug */,
				4A3BB49120939F9100B1E37F /* Release */,
			);
			defaultConfigurationIsVisible = 0;
			defaultConfigurationName = Release;
		};
		4A3BB49220939F9100B1E37F /* Build configuration list for PBXNativeTarget "RxReduceDemo" */ = {
			isa = XCConfigurationList;
			buildConfigurations = (
				4A3BB49320939F9100B1E37F /* Debug */,
				4A3BB49420939F9100B1E37F /* Release */,
			);
			defaultConfigurationIsVisible = 0;
			defaultConfigurationName = Release;
		};
/* End XCConfigurationList section */
	};
	rootObject = 4A3BB47820939F9000B1E37F /* Project object */;
}
